
Microsoft Visual Studio Solution File, Format Version 12.00
# Visual Studio Version 16
VisualStudioVersion = 16.0.30225.117
MinimumVisualStudioVersion = 10.0.40219.1
Project("{9A19103F-16F7-4668-BE54-9A1E7A4F7556}") = "Walkalong", "Walkalong\Walkalong.csproj", "{3E278D94-0186-4E8F-8248-E45AEBDF5D92}"
EndProject
Project("{9A19103F-16F7-4668-BE54-9A1E7A4F7556}") = "GuessTheNumber", "GuessTheNumber\GuessTheNumber.csproj", "{E1F260F8-D821-40E4-8CFB-D90937B6A691}"
EndProject
Project("{2150E333-8FDC-42A3-9474-1A3956D46DE8}") = "Solution Items", "Solution Items", "{9FE4338D-D36F-41DB-816B-7D813B6D8062}"
	ProjectSection(SolutionItems) = preProject
		README.md = README.md
	EndProjectSection
EndProject
Project("{9A19103F-16F7-4668-BE54-9A1E7A4F7556}") = "BookClub", "BookClub\BookClub.csproj", "{83A262D0-6F7B-414E-B785-93616D6438BB}"
EndProject
Project("{9A19103F-16F7-4668-BE54-9A1E7A4F7556}") = "RefVal", "RefVal\RefVal.csproj", "{D00D7364-F773-4A41-965A-0F615923B4A9}"
EndProject
Project("{9A19103F-16F7-4668-BE54-9A1E7A4F7556}") = "CheckArgs", "CheckArgs\CheckArgs.csproj", "{491856D4-68E1-4106-BBD6-EDCFD8959AF2}"
EndProject
Project("{9A19103F-16F7-4668-BE54-9A1E7A4F7556}") = "Constants", "Constants\Constants.csproj", "{31A511E7-491B-4549-BD8B-03A1DCD377BC}"
EndProject
Project("{9A19103F-16F7-4668-BE54-9A1E7A4F7556}") = "Test", "Test\Test.csproj", "{487D0844-D494-477A-99B1-2A5F11964DE0}"
EndProject
Project("{9A19103F-16F7-4668-BE54-9A1E7A4F7556}") = "Inherit", "Inherit\Inherit.csproj", "{B1F32727-7C19-4EB9-B6B7-C0EB358DC3D4}"
EndProject
Project("{9A19103F-16F7-4668-BE54-9A1E7A4F7556}") = "RPGWeaponsTest", "RPGWeaponsTest\RPGWeaponsTest.csproj", "{F5B6CD39-7C33-4EEE-A203-E142208C0B63}"
EndProject
Project("{9A19103F-16F7-4668-BE54-9A1E7A4F7556}") = "ManageErrors", "ManageErrors\ManageErrors.csproj", "{A2FFE8CC-8968-42EA-97FF-12E1A4551E9C}"
EndProject
Project("{9A19103F-16F7-4668-BE54-9A1E7A4F7556}") = "TextFiles", "TextFiles\TextFiles.csproj", "{8E96E599-299F-40EA-AE59-B3C4BE6577AD}"
EndProject
Project("{FAE04EC0-301F-11D3-BF4B-00C04F79EFBC}") = "Properties", "Properties\Properties.csproj", "{F3E30D1B-7895-4615-8BF3-8975556546EC}"
EndProject
Global
	GlobalSection(SolutionConfigurationPlatforms) = preSolution
		Debug|Any CPU = Debug|Any CPU
		Release|Any CPU = Release|Any CPU
	EndGlobalSection
	GlobalSection(ProjectConfigurationPlatforms) = postSolution
		{3E278D94-0186-4E8F-8248-E45AEBDF5D92}.Debug|Any CPU.ActiveCfg = Debug|Any CPU
		{3E278D94-0186-4E8F-8248-E45AEBDF5D92}.Debug|Any CPU.Build.0 = Debug|Any CPU
		{3E278D94-0186-4E8F-8248-E45AEBDF5D92}.Release|Any CPU.ActiveCfg = Release|Any CPU
		{3E278D94-0186-4E8F-8248-E45AEBDF5D92}.Release|Any CPU.Build.0 = Release|Any CPU
		{E1F260F8-D821-40E4-8CFB-D90937B6A691}.Debug|Any CPU.ActiveCfg = Debug|Any CPU
		{E1F260F8-D821-40E4-8CFB-D90937B6A691}.Debug|Any CPU.Build.0 = Debug|Any CPU
		{E1F260F8-D821-40E4-8CFB-D90937B6A691}.Release|Any CPU.ActiveCfg = Release|Any CPU
		{E1F260F8-D821-40E4-8CFB-D90937B6A691}.Release|Any CPU.Build.0 = Release|Any CPU
		{83A262D0-6F7B-414E-B785-93616D6438BB}.Debug|Any CPU.ActiveCfg = Debug|Any CPU
		{83A262D0-6F7B-414E-B785-93616D6438BB}.Debug|Any CPU.Build.0 = Debug|Any CPU
		{83A262D0-6F7B-414E-B785-93616D6438BB}.Release|Any CPU.ActiveCfg = Release|Any CPU
		{83A262D0-6F7B-414E-B785-93616D6438BB}.Release|Any CPU.Build.0 = Release|Any CPU
		{D00D7364-F773-4A41-965A-0F615923B4A9}.Debug|Any CPU.ActiveCfg = Debug|Any CPU
		{D00D7364-F773-4A41-965A-0F615923B4A9}.Debug|Any CPU.Build.0 = Debug|Any CPU
		{D00D7364-F773-4A41-965A-0F615923B4A9}.Release|Any CPU.ActiveCfg = Release|Any CPU
		{D00D7364-F773-4A41-965A-0F615923B4A9}.Release|Any CPU.Build.0 = Release|Any CPU
		{491856D4-68E1-4106-BBD6-EDCFD8959AF2}.Debug|Any CPU.ActiveCfg = Debug|Any CPU
		{491856D4-68E1-4106-BBD6-EDCFD8959AF2}.Debug|Any CPU.Build.0 = Debug|Any CPU
		{491856D4-68E1-4106-BBD6-EDCFD8959AF2}.Release|Any CPU.ActiveCfg = Release|Any CPU
		{491856D4-68E1-4106-BBD6-EDCFD8959AF2}.Release|Any CPU.Build.0 = Release|Any CPU
		{31A511E7-491B-4549-BD8B-03A1DCD377BC}.Debug|Any CPU.ActiveCfg = Debug|Any CPU
		{31A511E7-491B-4549-BD8B-03A1DCD377BC}.Debug|Any CPU.Build.0 = Debug|Any CPU
		{31A511E7-491B-4549-BD8B-03A1DCD377BC}.Release|Any CPU.ActiveCfg = Release|Any CPU
		{31A511E7-491B-4549-BD8B-03A1DCD377BC}.Release|Any CPU.Build.0 = Release|Any CPU
		{487D0844-D494-477A-99B1-2A5F11964DE0}.Debug|Any CPU.ActiveCfg = Debug|Any CPU
		{487D0844-D494-477A-99B1-2A5F11964DE0}.Debug|Any CPU.Build.0 = Debug|Any CPU
		{487D0844-D494-477A-99B1-2A5F11964DE0}.Release|Any CPU.ActiveCfg = Release|Any CPU
		{487D0844-D494-477A-99B1-2A5F11964DE0}.Release|Any CPU.Build.0 = Release|Any CPU
		{B1F32727-7C19-4EB9-B6B7-C0EB358DC3D4}.Debug|Any CPU.ActiveCfg = Debug|Any CPU
		{B1F32727-7C19-4EB9-B6B7-C0EB358DC3D4}.Debug|Any CPU.Build.0 = Debug|Any CPU
		{B1F32727-7C19-4EB9-B6B7-C0EB358DC3D4}.Release|Any CPU.ActiveCfg = Release|Any CPU
		{B1F32727-7C19-4EB9-B6B7-C0EB358DC3D4}.Release|Any CPU.Build.0 = Release|Any CPU
		{F5B6CD39-7C33-4EEE-A203-E142208C0B63}.Debug|Any CPU.ActiveCfg = Debug|Any CPU
		{F5B6CD39-7C33-4EEE-A203-E142208C0B63}.Debug|Any CPU.Build.0 = Debug|Any CPU
		{F5B6CD39-7C33-4EEE-A203-E142208C0B63}.Release|Any CPU.ActiveCfg = Release|Any CPU
		{F5B6CD39-7C33-4EEE-A203-E142208C0B63}.Release|Any CPU.Build.0 = Release|Any CPU
		{A2FFE8CC-8968-42EA-97FF-12E1A4551E9C}.Debug|Any CPU.ActiveCfg = Debug|Any CPU
		{A2FFE8CC-8968-42EA-97FF-12E1A4551E9C}.Debug|Any CPU.Build.0 = Debug|Any CPU
		{A2FFE8CC-8968-42EA-97FF-12E1A4551E9C}.Release|Any CPU.ActiveCfg = Release|Any CPU
		{A2FFE8CC-8968-42EA-97FF-12E1A4551E9C}.Release|Any CPU.Build.0 = Release|Any CPU
		{8E96E599-299F-40EA-AE59-B3C4BE6577AD}.Debug|Any CPU.ActiveCfg = Debug|Any CPU
		{8E96E599-299F-40EA-AE59-B3C4BE6577AD}.Debug|Any CPU.Build.0 = Debug|Any CPU
		{8E96E599-299F-40EA-AE59-B3C4BE6577AD}.Release|Any CPU.ActiveCfg = Release|Any CPU
		{8E96E599-299F-40EA-AE59-B3C4BE6577AD}.Release|Any CPU.Build.0 = Release|Any CPU
		{F3E30D1B-7895-4615-8BF3-8975556546EC}.Debug|Any CPU.ActiveCfg = Debug|Any CPU
		{F3E30D1B-7895-4615-8BF3-8975556546EC}.Debug|Any CPU.Build.0 = Debug|Any CPU
		{F3E30D1B-7895-4615-8BF3-8975556546EC}.Release|Any CPU.ActiveCfg = Release|Any CPU
		{F3E30D1B-7895-4615-8BF3-8975556546EC}.Release|Any CPU.Build.0 = Release|Any CPU
	EndGlobalSection
	GlobalSection(SolutionProperties) = preSolution
		HideSolutionNode = FALSE
	EndGlobalSection
	GlobalSection(ExtensibilityGlobals) = postSolution
		SolutionGuid = {9A2D307B-A294-4B9F-9F4A-074311C1E582}
	EndGlobalSection
EndGlobal
